
Microsoft Visual Studio Solution File, Format Version 11.00
# Visual Studio 2010
Project("{FAE04EC0-301F-11D3-BF4B-00C04F79EFBC}") = "Elemental Tower Defense", "Assembly-CSharp.csproj", "{EC4597D4-5D50-3988-C8EF-4152EFFCA9CC}"
EndProject
Global
	GlobalSection(SolutionConfigurationPlatforms) = preSolution
		Debug|Any CPU = Debug|Any CPU
		Release|Any CPU = Release|Any CPU
	EndGlobalSection
	GlobalSection(ProjectConfigurationPlatforms) = postSolution
		{EC4597D4-5D50-3988-C8EF-4152EFFCA9CC}.Debug|Any CPU.ActiveCfg = Debug|Any CPU
		{EC4597D4-5D50-3988-C8EF-4152EFFCA9CC}.Debug|Any CPU.Build.0 = Debug|Any CPU
		{EC4597D4-5D50-3988-C8EF-4152EFFCA9CC}.Release|Any CPU.ActiveCfg = Release|Any CPU
		{EC4597D4-5D50-3988-C8EF-4152EFFCA9CC}.Release|Any CPU.Build.0 = Release|Any CPU
	EndGlobalSection
	GlobalSection(SolutionProperties) = preSolution
		HideSolutionNode = FALSE
	EndGlobalSection
	GlobalSection(MonoDevelopProperties) = preSolution
		StartupItem = Assembly-CSharp.csproj
	EndGlobalSection
EndGlobal
